// !$*UTF8*$!
{
	archiveVersion = 1;
	classes = {
	};
	objectVersion = 46;
	objects = {

/* Begin PBXBuildFile section */
		988ACE431BD771C2008FFEF9 /* main.m in Sources */ = {isa = PBXBuildFile; fileRef = 988ACE421BD771C2008FFEF9 /* main.m */; };
		988ACE461BD771C2008FFEF9 /* AppDelegate.m in Sources */ = {isa = PBXBuildFile; fileRef = 988ACE451BD771C2008FFEF9 /* AppDelegate.m */; };
		988ACE491BD771C2008FFEF9 /* ViewController.m in Sources */ = {isa = PBXBuildFile; fileRef = 988ACE481BD771C2008FFEF9 /* ViewController.m */; };
		988ACE4C1BD771C2008FFEF9 /* Main.storyboard in Resources */ = {isa = PBXBuildFile; fileRef = 988ACE4A1BD771C2008FFEF9 /* Main.storyboard */; };
		988ACE4E1BD771C2008FFEF9 /* Images.xcassets in Resources */ = {isa = PBXBuildFile; fileRef = 988ACE4D1BD771C2008FFEF9 /* Images.xcassets */; };
		988ACE511BD771C2008FFEF9 /* LaunchScreen.xib in Resources */ = {isa = PBXBuildFile; fileRef = 988ACE4F1BD771C2008FFEF9 /* LaunchScreen.xib */; };
		988ACE5D1BD771C2008FFEF9 /* LJKeyboardDemoTests.m in Sources */ = {isa = PBXBuildFile; fileRef = 988ACE5C1BD771C2008FFEF9 /* LJKeyboardDemoTests.m */; };
		988ACE671BD77345008FFEF9 /* ViewController.xib in Resources */ = {isa = PBXBuildFile; fileRef = 988ACE661BD77345008FFEF9 /* ViewController.xib */; };
/* End PBXBuildFile section */

/* Begin PBXContainerItemProxy section */
		988ACE571BD771C2008FFEF9 /* PBXContainerItemProxy */ = {
			isa = PBXContainerItemProxy;
			containerPortal = 988ACE351BD771C2008FFEF9 /* Project object */;
			proxyType = 1;
			remoteGlobalIDString = 988ACE3C1BD771C2008FFEF9;
			remoteInfo = LJKeyboardDemo;
		};
/* End PBXContainerItemProxy section */

/* Begin PBXFileReference section */
		988ACE3D1BD771C2008FFEF9 /* LJKeyboardDemo.app */ = {isa = PBXFileReference; explicitFileType = wrapper.application; includeInIndex = 0; path = LJKeyboardDemo.app; sourceTree = BUILT_PRODUCTS_DIR; };
		988ACE411BD771C2008FFEF9 /* Info.plist */ = {isa = PBXFileReference; lastKnownFileType = text.plist.xml; path = Info.plist; sourceTree = "<group>"; };
		988ACE421BD771C2008FFEF9 /* main.m */ = {isa = PBXFileReference; lastKnownFileType = sourcecode.c.objc; path = main.m; sourceTree = "<group>"; };
		988ACE441BD771C2008FFEF9 /* AppDelegate.h */ = {isa = PBXFileReference; lastKnownFileType = sourcecode.c.h; path = AppDelegate.h; sourceTree = "<group>"; };
		988ACE451BD771C2008FFEF9 /* AppDelegate.m */ = {isa = PBXFileReference; lastKnownFileType = sourcecode.c.objc; path = AppDelegate.m; sourceTree = "<group>"; };
		988ACE471BD771C2008FFEF9 /* ViewController.h */ = {isa = PBXFileReference; lastKnownFileType = sourcecode.c.h; path = ViewController.h; sourceTree = "<group>"; };
		988ACE481BD771C2008FFEF9 /* ViewController.m */ = {isa = PBXFileReference; lastKnownFileType = sourcecode.c.objc; path = ViewController.m; sourceTree = "<group>"; };
		988ACE4B1BD771C2008FFEF9 /* Base */ = {isa = PBXFileReference; lastKnownFileType = file.storyboard; name = Base; path = Base.lproj/Main.storyboard; sourceTree = "<group>"; };
		988ACE4D1BD771C2008FFEF9 /* Images.xcassets */ = {isa = PBXFileReference; lastKnownFileType = folder.assetcatalog; path = Images.xcassets; sourceTree = "<group>"; };
		988ACE501BD771C2008FFEF9 /* Base */ = {isa = PBXFileReference; lastKnownFileType = file.xib; name = Base; path = Base.lproj/LaunchScreen.xib; sourceTree = "<group>"; };
		988ACE561BD771C2008FFEF9 /* LJKeyboardDemoTests.xctest */ = {isa = PBXFileReference; explicitFileType = wrapper.cfbundle; includeInIndex = 0; path = LJKeyboardDemoTests.xctest; sourceTree = BUILT_PRODUCTS_DIR; };
		988ACE5B1BD771C2008FFEF9 /* Info.plist */ = {isa = PBXFileReference; lastKnownFileType = text.plist.xml; path = Info.plist; sourceTree = "<group>"; };
		988ACE5C1BD771C2008FFEF9 /* LJKeyboardDemoTests.m */ = {isa = PBXFileReference; lastKnownFileType = sourcecode.c.objc; path = LJKeyboardDemoTests.m; sourceTree = "<group>"; };
		988ACE661BD77345008FFEF9 /* ViewController.xib */ = {isa = PBXFileReference; fileEncoding = 4; lastKnownFileType = file.xib; path = ViewController.xib; sourceTree = "<group>"; };
/* End PBXFileReference section */

/* Begin PBXFrameworksBuildPhase section */
		988ACE3A1BD771C2008FFEF9 /* Frameworks */ = {
			isa = PBXFrameworksBuildPhase;
			buildActionMask = 2147483647;
			files = (
			);
			runOnlyForDeploymentPostprocessing = 0;
		};
		988ACE531BD771C2008FFEF9 /* Frameworks */ = {
			isa = PBXFrameworksBuildPhase;
			buildActionMask = 2147483647;
			files = (
			);
			runOnlyForDeploymentPostprocessing = 0;
		};
/* End PBXFrameworksBuildPhase section */

/* Begin PBXGroup section */
		988ACE341BD771C2008FFEF9 = {
			isa = PBXGroup;
			children = (
				988ACE3F1BD771C2008FFEF9 /* LJKeyboardDemo */,
				988ACE591BD771C2008FFEF9 /* LJKeyboardDemoTests */,
				988ACE3E1BD771C2008FFEF9 /* Products */,
			);
			sourceTree = "<group>";
		};
		988ACE3E1BD771C2008FFEF9 /* Products */ = {
			isa = PBXGroup;
			children = (
				988ACE3D1BD771C2008FFEF9 /* LJKeyboardDemo.app */,
				988ACE561BD771C2008FFEF9 /* LJKeyboardDemoTests.xctest */,
			);
			name = Products;
			sourceTree = "<group>";
		};
		988ACE3F1BD771C2008FFEF9 /* LJKeyboardDemo */ = {
			isa = PBXGroup;
			children = (
				988ACE441BD771C2008FFEF9 /* AppDelegate.h */,
				988ACE451BD771C2008FFEF9 /* AppDelegate.m */,
				988ACE471BD771C2008FFEF9 /* ViewController.h */,
				988ACE481BD771C2008FFEF9 /* ViewController.m */,
				988ACE661BD77345008FFEF9 /* ViewController.xib */,
				988ACE4A1BD771C2008FFEF9 /* Main.storyboard */,
				988ACE4D1BD771C2008FFEF9 /* Images.xcassets */,
				988ACE4F1BD771C2008FFEF9 /* LaunchScreen.xib */,
				988ACE401BD771C2008FFEF9 /* Supporting Files */,
			);
			path = LJKeyboardDemo;
			sourceTree = "<group>";
		};
		988ACE401BD771C2008FFEF9 /* Supporting Files */ = {
			isa = PBXGroup;
			children = (
				988ACE411BD771C2008FFEF9 /* Info.plist */,
				988ACE421BD771C2008FFEF9 /* main.m */,
			);
			name = "Supporting Files";
			sourceTree = "<group>";
		};
		988ACE591BD771C2008FFEF9 /* LJKeyboardDemoTests */ = {
			isa = PBXGroup;
			children = (
				988ACE5C1BD771C2008FFEF9 /* LJKeyboardDemoTests.m */,
				988ACE5A1BD771C2008FFEF9 /* Supporting Files */,
			);
			path = LJKeyboardDemoTests;
			sourceTree = "<group>";
		};
		988ACE5A1BD771C2008FFEF9 /* Supporting Files */ = {
			isa = PBXGroup;
			children = (
				988ACE5B1BD771C2008FFEF9 /* Info.plist */,
			);
			name = "Supporting Files";
			sourceTree = "<group>";
		};
/* End PBXGroup section */

/* Begin PBXNativeTarget section */
		988ACE3C1BD771C2008FFEF9 /* LJKeyboardDemo */ = {
			isa = PBXNativeTarget;
			buildConfigurationList = 988ACE601BD771C2008FFEF9 /* Build configuration list for PBXNativeTarget "LJKeyboardDemo" */;
			buildPhases = (
				988ACE391BD771C2008FFEF9 /* Sources */,
				988ACE3A1BD771C2008FFEF9 /* Frameworks */,
				988ACE3B1BD771C2008FFEF9 /* Resources */,
			);
			buildRules = (
			);
			dependencies = (
			);
			name = LJKeyboardDemo;
			productName = LJKeyboardDemo;
			productReference = 988ACE3D1BD771C2008FFEF9 /* LJKeyboardDemo.app */;
			productType = "com.apple.product-type.application";
		};
		988ACE551BD771C2008FFEF9 /* LJKeyboardDemoTests */ = {
			isa = PBXNativeTarget;
			buildConfigurationList = 988ACE631BD771C2008FFEF9 /* Build configuration list for PBXNativeTarget "LJKeyboardDemoTests" */;
			buildPhases = (
				988ACE521BD771C2008FFEF9 /* Sources */,
				988ACE531BD771C2008FFEF9 /* Frameworks */,
				988ACE541BD771C2008FFEF9 /* Resources */,
			);
			buildRules = (
			);
			dependencies = (
				988ACE581BD771C2008FFEF9 /* PBXTargetDependency */,
			);
			name = LJKeyboardDemoTests;
			productName = LJKeyboardDemoTests;
			productReference = 988ACE561BD771C2008FFEF9 /* LJKeyboardDemoTests.xctest */;
			productType = "com.apple.product-type.bundle.unit-test";
		};
/* End PBXNativeTarget section */

/* Begin PBXProject section */
		988ACE351BD771C2008FFEF9 /* Project object */ = {
			isa = PBXProject;
			attributes = {
				LastUpgradeCheck = 0640;
				ORGANIZATIONNAME = ljcoder;
				TargetAttributes = {
					988ACE3C1BD771C2008FFEF9 = {
						CreatedOnToolsVersion = 6.4;
					};
					988ACE551BD771C2008FFEF9 = {
						CreatedOnToolsVersion = 6.4;
						TestTargetID = 988ACE3C1BD771C2008FFEF9;
					};
				};
			};
			buildConfigurationList = 988ACE381BD771C2008FFEF9 /* Build configuration list for PBXProject "LJKeyboardDemo" */;
			compatibilityVersion = "Xcode 3.2";
			developmentRegion = English;
			hasScannedForEncodings = 0;
			knownRegions = (
				en,
				Base,
			);
			mainGroup = 988ACE341BD771C2008FFEF9;
			productRefGroup = 988ACE3E1BD771C2008FFEF9 /* Products */;
			projectDirPath = "";
			projectRoot = "";
			targets = (
				988ACE3C1BD771C2008FFEF9 /* LJKeyboardDemo */,
				988ACE551BD771C2008FFEF9 /* LJKeyboardDemoTests */,
			);
		};
/* End PBXProject section */

/* Begin PBXResourcesBuildPhase section */
		988ACE3B1BD771C2008FFEF9 /* Resources */ = {
			isa = PBXResourcesBuildPhase;
			buildActionMask = 2147483647;
			files = (
				988ACE4C1BD771C2008FFEF9 /* Main.storyboard in Resources */,
				988ACE511BD771C2008FFEF9 /* LaunchScreen.xib in Resources */,
				988ACE671BD77345008FFEF9 /* ViewController.xib in Resources */,
				988ACE4E1BD771C2008FFEF9 /* Images.xcassets in Resources */,
			);
			runOnlyForDeploymentPostprocessing = 0;
		};
		988ACE541BD771C2008FFEF9 /* Resources */ = {
			isa = PBXResourcesBuildPhase;
			buildActionMask = 2147483647;
			files = (
			);
			runOnlyForDeploymentPostprocessing = 0;
		};
/* End PBXResourcesBuildPhase section */

/* Begin PBXSourcesBuildPhase section */
		988ACE391BD771C2008FFEF9 /* Sources */ = {
			isa = PBXSourcesBuildPhase;
			buildActionMask = 2147483647;
			files = (
				988ACE491BD771C2008FFEF9 /* ViewController.m in Sources */,
				988ACE461BD771C2008FFEF9 /* AppDelegate.m in Sources */,
				988ACE431BD771C2008FFEF9 /* main.m in Sources */,
			);
			runOnlyForDeploymentPostprocessing = 0;
		};
		988ACE521BD771C2008FFEF9 /* Sources */ = {
			isa = PBXSourcesBuildPhase;
			buildActionMask = 2147483647;
			files = (
				988ACE5D1BD771C2008FFEF9 /* LJKeyboardDemoTests.m in Sources */,
			);
			runOnlyForDeploymentPostprocessing = 0;
		};
/* End PBXSourcesBuildPhase section */

/* Begin PBXTargetDependency section */
		988ACE581BD771C2008FFEF9 /* PBXTargetDependency */ = {
			isa = PBXTargetDependency;
			target = 988ACE3C1BD771C2008FFEF9 /* LJKeyboardDemo */;
			targetProxy = 988ACE571BD771C2008FFEF9 /* PBXContainerItemProxy */;
		};
/* End PBXTargetDependency section */

/* Begin PBXVariantGroup section */
		988ACE4A1BD771C2008FFEF9 /* Main.storyboard */ = {
			isa = PBXVariantGroup;
			children = (
				988ACE4B1BD771C2008FFEF9 /* Base */,
			);
			name = Main.storyboard;
			sourceTree = "<group>";
		};
		988ACE4F1BD771C2008FFEF9 /* LaunchScreen.xib */ = {
			isa = PBXVariantGroup;
			children = (
				988ACE501BD771C2008FFEF9 /* Base */,
			);
			name = LaunchScreen.xib;
			sourceTree = "<group>";
		};
/* End PBXVariantGroup section */

/* Begin XCBuildConfiguration section */
		988ACE5E1BD771C2008FFEF9 /* Debug */ = {
			isa = XCBuildConfiguration;
			buildSettings = {
				ALWAYS_SEARCH_USER_PATHS = NO;
				CLANG_CXX_LANGUAGE_STANDARD = "gnu++0x";
				CLANG_CXX_LIBRARY = "libc++";
				CLANG_ENABLE_MODULES = YES;
				CLANG_ENABLE_OBJC_ARC = YES;
				CLANG_WARN_BOOL_CONVERSION = YES;
				CLANG_WARN_CONSTANT_CONVERSION = YES;
				CLANG_WARN_DIRECT_OBJC_ISA_USAGE = YES_ERROR;
				CLANG_WARN_EMPTY_BODY = YES;
				CLANG_WARN_ENUM_CONVERSION = YES;
				CLANG_WARN_INT_CONVERSION = YES;
				CLANG_WARN_OBJC_ROOT_CLASS = YES_ERROR;
				CLANG_WARN_UNREACHABLE_CODE = YES;
				CLANG_WARN__DUPLICATE_METHOD_MATCH = YES;
				"CODE_SIGN_IDENTITY[sdk=iphoneos*]" = "iPhone Developer";
				COPY_PHASE_STRIP = NO;
				DEBUG_INFORMATION_FORMAT = "dwarf-with-dsym";
				ENABLE_STRICT_OBJC_MSGSEND = YES;
				GCC_C_LANGUAGE_STANDARD = gnu99;
				GCC_DYNAMIC_NO_PIC = NO;
				GCC_NO_COMMON_BLOCKS = YES;
				GCC_OPTIMIZATION_LEVEL = 0;
				GCC_PREPROCESSOR_DEFINITIONS = (
					"DEBUG=1",
					"$(inherited)",
				);
				GCC_SYMBOLS_PRIVATE_EXTERN = NO;
				GCC_WARN_64_TO_32_BIT_CONVERSION = YES;
				GCC_WARN_ABOUT_RETURN_TYPE = YES_ERROR;
				GCC_WARN_UNDECLARED_SELECTOR = YES;
				GCC_WARN_UNINITIALIZED_AUTOS = YES_AGGRESSIVE;
				GCC_WARN_UNUSED_FUNCTION = YES;
				GCC_WARN_UNUSED_VARIABLE = YES;
				IPHONEOS_DEPLOYMENT_TARGET = 8.4;
				MTL_ENABLE_DEBUG_INFO = YES;
				ONLY_ACTIVE_ARCH = YES;
				SDKROOT = iphoneos;
				TARGETED_DEVICE_FAMILY = "1,2";
			};
			name = Debug;
		};
		988ACE5F1BD771C2008FFEF9 /* Release */ = {
			isa = XCBuildConfiguration;
			buildSettings = {
				ALWAYS_SEARCH_USER_PATHS = NO;
				CLANG_CXX_LANGUAGE_STANDARD = "gnu++0x";
				CLANG_CXX_LIBRARY = "libc++";
				CLANG_ENABLE_MODULES = YES;
				CLANG_ENABLE_OBJC_ARC = YES;
				CLANG_WARN_BOOL_CONVERSION = YES;
				CLANG_WARN_CONSTANT_CONVERSION = YES;
				CLANG_WARN_DIRECT_OBJC_ISA_USAGE = YES_ERROR;
				CLANG_WARN_EMPTY_BODY = YES;
				CLANG_WARN_ENUM_CONVERSION = YES;
				CLANG_WARN_INT_CONVERSION = YES;
				CLANG_WARN_OBJC_ROOT_CLASS = YES_ERROR;
				CLANG_WARN_UNREACHABLE_CODE = YES;
				CLANG_WARN__DUPLICATE_METHOD_MATCH = YES;
				"CODE_SIGN_IDENTITY[sdk=iphoneos*]" = "iPhone Developer";
				COPY_PHASE_STRIP = NO;
				DEBUG_INFORMATION_FORMAT = "dwarf-with-dsym";
				ENABLE_NS_ASSERTIONS = NO;
				ENABLE_STRICT_OBJC_MSGSEND = YES;
				GCC_C_LANGUAGE_STANDARD = gnu99;
				GCC_NO_COMMON_BLOCKS = YES;
				GCC_WARN_64_TO_32_BIT_CONVERSION = YES;
				GCC_WARN_ABOUT_RETURN_TYPE = YES_ERROR;
				GCC_WARN_UNDECLARED_SELECTOR = YES;
				GCC_WARN_UNINITIALIZED_AUTOS = YES_AGGRESSIVE;
				GCC_WARN_UNUSED_FUNCTION = YES;
				GCC_WARN_UNUSED_VARIABLE = YES;
				IPHONEOS_DEPLOYMENT_TARGET = 8.4;
				MTL_ENABLE_DEBUG_INFO = NO;
				SDKROOT = iphoneos;
				TARGETED_DEVICE_FAMILY = "1,2";
				VALIDATE_PRODUCT = YES;
			};
			name = Release;
		};
		988ACE611BD771C2008FFEF9 /* Debug */ = {
			isa = XCBuildConfiguration;
			buildSettings = {
				ASSETCATALOG_COMPILER_APPICON_NAME = AppIcon;
				INFOPLIST_FILE = LJKeyboardDemo/Info.plist;
				LD_RUNPATH_SEARCH_PATHS = "$(inherited) @executable_path/Frameworks";
				PRODUCT_NAME = "$(TARGET_NAME)";
			};
			name = Debug;
		};
		988ACE621BD771C2008FFEF9 /* Release */ = {
			isa = XCBuildConfiguration;
			buildSettings = {
				ASSETCATALOG_COMPILER_APPICON_NAME = AppIcon;
				INFOPLIST_FILE = LJKeyboardDemo/Info.plist;
				LD_RUNPATH_SEARCH_PATHS = "$(inherited) @executable_path/Frameworks";
				PRODUCT_NAME = "$(TARGET_NAME)";
			};
			name = Release;
		};
		988ACE641BD771C2008FFEF9 /* Debug */ = {
			isa = XCBuildConfiguration;
			buildSettings = {
				BUNDLE_LOADER = "$(TEST_HOST)";
				FRAMEWORK_SEARCH_PATHS = (
					"$(SDKROOT)/Developer/Library/Frameworks",
					"$(inherited)",
				);
				GCC_PREPROCESSOR_DEFINITIONS = (
					"DEBUG=1",
					"$(inherited)",
				);
				INFOPLIST_FILE = LJKeyboardDemoTests/Info.plist;
				LD_RUNPATH_SEARCH_PATHS = "$(inherited) @executable_path/Frameworks @loader_path/Frameworks";
				PRODUCT_NAME = "$(TARGET_NAME)";
				TEST_HOST = "$(BUILT_PRODUCTS_DIR)/LJKeyboardDemo.app/LJKeyboardDemo";
			};
			name = Debug;
		};
		988ACE651BD771C2008FFEF9 /* Release */ = {
			isa = XCBuildConfiguration;
			buildSettings = {
				BUNDLE_LOADER = "$(TEST_HOST)";
				FRAMEWORK_SEARCH_PATHS = (
					"$(SDKROOT)/Developer/Library/Frameworks",
					"$(inherited)",
				);
				INFOPLIST_FILE = LJKeyboardDemoTests/Info.plist;
				LD_RUNPATH_SEARCH_PATHS = "$(inherited) @executable_path/Frameworks @loader_path/Frameworks";
				PRODUCT_NAME = "$(TARGET_NAME)";
				TEST_HOST = "$(BUILT_PRODUCTS_DIR)/LJKeyboardDemo.app/LJKeyboardDemo";
			};
			name = Release;
		};
/* End XCBuildConfiguration section */

/* Begin XCConfigurationList section */
		988ACE381BD771C2008FFEF9 /* Build configuration list for PBXProject "LJKeyboardDemo" */ = {
			isa = XCConfigurationList;
			buildConfigurations = (
				988ACE5E1BD771C2008FFEF9 /* Debug */,
				988ACE5F1BD771C2008FFEF9 /* Release */,
			);
			defaultConfigurationIsVisible = 0;
			defaultConfigurationName = Release;
		};
		988ACE601BD771C2008FFEF9 /* Build configuration list for PBXNativeTarget "LJKeyboardDemo" */ = {
			isa = XCConfigurationList;
			buildConfigurations = (
				988ACE611BD771C2008FFEF9 /* Debug */,
				988ACE621BD771C2008FFEF9 /* Release */,
			);
			defaultConfigurationIsVisible = 0;
		};
		988ACE631BD771C2008FFEF9 /* Build configuration list for PBXNativeTarget "LJKeyboardDemoTests" */ = {
			isa = XCConfigurationList;
			buildConfigurations = (
				988ACE641BD771C2008FFEF9 /* Debug */,
				988ACE651BD771C2008FFEF9 /* Release */,
			);
			defaultConfigurationIsVisible = 0;
		};
/* End XCConfigurationList section */
	};
	rootObject = 988ACE351BD771C2008FFEF9 /* Project object */;
}
